{
  "pins" : [
    {
      "identity" : "youtubekit",
      "kind" : "remoteSourceControl",
      "location" : "https://github.com/kodyholman/YoutubeKit.git",
      "state" : {
        "branch" : "master",
        "revision" : "98bdefc019f7747137c9a703fb9047eebcb05613"
      }
    }
  ],
  "version" : 2
}
